
Microsoft Visual Studio Solution File, Format Version 12.00
# Visual Studio 15
VisualStudioVersion = 15.0.28307.168
MinimumVisualStudioVersion = 10.0.40219.1
Project("{FAE04EC0-301F-11D3-BF4B-00C04F79EFBC}") = "Dnn.StructuredContent", "Dnn.StructuredContent.csproj", "{793CD2FF-6D22-4406-BE35-46F32790B885}"
EndProject
Global
	GlobalSection(SolutionConfigurationPlatforms) = preSolution
		Debug|Any CPU = Debug|Any CPU
		Release|Any CPU = Release|Any CPU
	EndGlobalSection
	GlobalSection(ProjectConfigurationPlatforms) = postSolution
		{793CD2FF-6D22-4406-BE35-46F32790B885}.Debug|Any CPU.ActiveCfg = Debug|Any CPU
		{793CD2FF-6D22-4406-BE35-46F32790B885}.Debug|Any CPU.Build.0 = Debug|Any CPU
		{793CD2FF-6D22-4406-BE35-46F32790B885}.Release|Any CPU.ActiveCfg = Release|Any CPU
		{793CD2FF-6D22-4406-BE35-46F32790B885}.Release|Any CPU.Build.0 = Release|Any CPU
	EndGlobalSection
	GlobalSection(SolutionProperties) = preSolution
		HideSolutionNode = FALSE
	EndGlobalSection
	GlobalSection(ExtensibilityGlobals) = postSolution
		SolutionGuid = {63555486-CA9C-4E52-B56A-FEA882BEC2A1}
	EndGlobalSection
EndGlobal
