{
  "requires": true,
  "lockfileVersion": 1,
  "dependencies": {
    "angular": {
      "version": "1.7.8",
      "resolved": "https://registry.npmjs.org/angular/-/angular-1.7.8.tgz",
      "integrity": "sha512-wtef/y4COxM7ZVhddd7JtAAhyYObq9YXKar9tsW7558BImeVYteJiTxCKeJOL45lJ/+7B4wrAC49j8gTFYEthg=="
    },
    "angular-ui-sortable": {
      "version": "0.19.0",
      "resolved": "https://registry.npmjs.org/angular-ui-sortable/-/angular-ui-sortable-0.19.0.tgz",
      "integrity": "sha512-u/uc981Nzg4XN1bMU9qKleMTSt7F1XjMWnyGw6gxPLIeQeLZm8jWNy7tj8y2r2HmvzXFbQVq2z6rObznFKAekQ==",
      "requires": {
        "angular": ">=1.2.x",
        "jquery": ">=3.1.x",
        "jquery-ui-dist": ">=1.12.x"
      }
    },
    "jquery": {
      "version": "3.3.1",
      "resolved": "https://registry.npmjs.org/jquery/-/jquery-3.3.1.tgz",
      "integrity": "sha512-Ubldcmxp5np52/ENotGxlLe6aGMvmF4R8S6tZjsP6Knsaxd/xp3Zrh50cG93lR6nPXyUFwzN3ZSOQI0wRJNdGg=="
    },
    "jquery-ui-dist": {
      "version": "1.12.1",
      "resolved": "https://registry.npmjs.org/jquery-ui-dist/-/jquery-ui-dist-1.12.1.tgz",
      "integrity": "sha1-XAgV08xvkP9fqvWyaKbiO0ypBPo="
    },
    "monaco-editor": {
      "version": "0.16.2",
      "resolved": "https://registry.npmjs.org/monaco-editor/-/monaco-editor-0.16.2.tgz",
      "integrity": "sha512-NtGrFzf54jADe7qsWh3lazhS7Kj0XHkJUGBq9fA/Jbwc+sgVcyfsYF6z2AQ7hPqDC+JmdOt/OwFjBnRwqXtx6w=="
    }
  }
}
